github.com/issue9/assert v1.1.0 h1:vRl4oP7O7EfYpfXwVfC7kjo7cwzs+NsiAJDg1oyU2Fk=
github.com/issue9/assert v1.1.0/go.mod h1:KLwR3U/5rbCxqwAnV3aCr+dz07aoIyIfk2lefIVr2BA=
github.com/issue9/assert v1.3.0 h1:i+B7WjAkbiTkSgdiixGANJxF5d6ookUbTKHzMHmlO4k=
github.com/issue9/assert v1.3.0/go.mod h1:DrFAjyZGTxsbQE6JRmC22w26yhVlnhOsf7tWucHq28w=
github.com/issue9/autoinc v1.0.4 h1:sP1BDVFLxPDzrrKxsAD2JZhKH6Cfvk+iZP+6FUJYoNs=
github.com/issue9/autoinc v1.0.4/go.mod h1:cWddUuBa//znV0hUWG2gitAYT7GOLg7kw5bBDn9DBP8=
github.com/issue9/rands v1.1.1 h1:LN2oLhExq5MqK5bqIzZu18k26QK3eQIWBw3Cbm8fhq4=
github.com/issue9/rands v1.1.1/go.mod h1:+34JYQL1EcxK79SFD3wOJklufb2967Tl9iom5jE1LF4=
github.com/issue9/unique v1.1.2 h1:66FeKUhNgp2B+yJTmOkdDiICD9hfo6DWy4T4cnsivRQ=
github.com/issue9/unique v1.1.2/go.mod h1:UvlxShawUjjO07PJIU6qS9aHq/q+c6pnKkJQfmKWuy8=
github.com/issue9/watermark v1.0.2 h1:OSOKvXkumcKepye7t0qicDJb6qzYh0yUFTRIbhzhnas=
github.com/issue9/watermark v1.0.2/go.mod h1:Sym+KKXtrS1N8ZvKK21Bl5S/WyLjC803foD5oMRo43I=
