github.com/issue9/assert v1.3.3 h1:3Xz5rGafXcaOpz7x6X2X3kBQVYxs1l9HFHSwmuDQ3KM=
github.com/issue9/assert v1.3.3/go.mod h1:9Ger+iz8X7r1zMYYwEhh++2wMGWcNN2oVI+zIQXxcio=
github.com/issue9/autoinc v1.0.6 h1:CIxOClYBIRRu9u+YjprhghyxipJuKEj9cKX6zwj0/Wk=
github.com/issue9/autoinc v1.0.6/go.mod h1:bGWX564I5nsereCvh5W9A4jSS8TXONd/ybdNJu5ct/E=
github.com/issue9/rands v1.1.4 h1:Wx1PzxTF57aao5Xq2/Q0nzRGBuRKWw6nw2emWfwl4hE=
github.com/issue9/rands v1.1.4/go.mod h1:aCnoDR8ukczytaW+9FXuWS7YhhAK/5f+w8sM7P6UXqs=
github.com/issue9/unique v1.2.0 h1:ZLRNTZnKYk7Bw0jW2kZ79vbbHDMfc1FzM7B15S19jmc=
github.com/issue9/unique v1.2.0/go.mod h1:OyIGEV2ag+3MZh0F8TzArniLPMeIH6I5xcNsEWbi2Lo=
github.com/issue9/watermark v1.0.5 h1:LqKWTp16/GM17zrFWn3vcOQEV5yOwRK7BnkLLTpI5uc=
github.com/issue9/watermark v1.0.5/go.mod h1:RbznIF4p4hl3DENArELltXbgV31N8TcOagHifeKO09g=
